// !$*UTF8*$!
{
	archiveVersion = 1;
	classes = {
	};
	objectVersion = 46;
	objects = {

/* Begin PBXBuildFile section */
		9A308F771C1DD2A20029B85E /* main.m in Sources */ = {isa = PBXBuildFile; fileRef = 9A308F761C1DD2A20029B85E /* main.m */; };
		9A308F7A1C1DD2A20029B85E /* AppDelegate.m in Sources */ = {isa = PBXBuildFile; fileRef = 9A308F791C1DD2A20029B85E /* AppDelegate.m */; };
		9A308F801C1DD2A20029B85E /* Main.storyboard in Resources */ = {isa = PBXBuildFile; fileRef = 9A308F7E1C1DD2A20029B85E /* Main.storyboard */; };
		9A308F821C1DD2A20029B85E /* Assets.xcassets in Resources */ = {isa = PBXBuildFile; fileRef = 9A308F811C1DD2A20029B85E /* Assets.xcassets */; };
		9A308F851C1DD2A20029B85E /* LaunchScreen.storyboard in Resources */ = {isa = PBXBuildFile; fileRef = 9A308F831C1DD2A20029B85E /* LaunchScreen.storyboard */; };
		9A308F901C1DD2A30029B85E /* SettingsTestTests.m in Sources */ = {isa = PBXBuildFile; fileRef = 9A308F8F1C1DD2A30029B85E /* SettingsTestTests.m */; };
		9A308F9B1C1DD2A30029B85E /* SettingsTestUITests.m in Sources */ = {isa = PBXBuildFile; fileRef = 9A308F9A1C1DD2A30029B85E /* SettingsTestUITests.m */; };
		9A308FAA1C1DD4F40029B85E /* SettingsViewController.m in Sources */ = {isa = PBXBuildFile; fileRef = 9A308FA91C1DD4F40029B85E /* SettingsViewController.m */; };
/* End PBXBuildFile section */

/* Begin PBXContainerItemProxy section */
		9A308F8C1C1DD2A30029B85E /* PBXContainerItemProxy */ = {
			isa = PBXContainerItemProxy;
			containerPortal = 9A308F6A1C1DD2A20029B85E /* Project object */;
			proxyType = 1;
			remoteGlobalIDString = 9A308F711C1DD2A20029B85E;
			remoteInfo = SettingsTest;
		};
		9A308F971C1DD2A30029B85E /* PBXContainerItemProxy */ = {
			isa = PBXContainerItemProxy;
			containerPortal = 9A308F6A1C1DD2A20029B85E /* Project object */;
			proxyType = 1;
			remoteGlobalIDString = 9A308F711C1DD2A20029B85E;
			remoteInfo = SettingsTest;
		};
/* End PBXContainerItemProxy section */

/* Begin PBXFileReference section */
		9A308F721C1DD2A20029B85E /* SettingsTest.app */ = {isa = PBXFileReference; explicitFileType = wrapper.application; includeInIndex = 0; path = SettingsTest.app; sourceTree = BUILT_PRODUCTS_DIR; };
		9A308F761C1DD2A20029B85E /* main.m */ = {isa = PBXFileReference; lastKnownFileType = sourcecode.c.objc; path = main.m; sourceTree = "<group>"; };
		9A308F781C1DD2A20029B85E /* AppDelegate.h */ = {isa = PBXFileReference; lastKnownFileType = sourcecode.c.h; path = AppDelegate.h; sourceTree = "<group>"; };
		9A308F791C1DD2A20029B85E /* AppDelegate.m */ = {isa = PBXFileReference; lastKnownFileType = sourcecode.c.objc; path = AppDelegate.m; sourceTree = "<group>"; };
		9A308F7F1C1DD2A20029B85E /* Base */ = {isa = PBXFileReference; lastKnownFileType = file.storyboard; name = Base; path = Base.lproj/Main.storyboard; sourceTree = "<group>"; };
		9A308F811C1DD2A20029B85E /* Assets.xcassets */ = {isa = PBXFileReference; lastKnownFileType = folder.assetcatalog; path = Assets.xcassets; sourceTree = "<group>"; };
		9A308F841C1DD2A20029B85E /* Base */ = {isa = PBXFileReference; lastKnownFileType = file.storyboard; name = Base; path = Base.lproj/LaunchScreen.storyboard; sourceTree = "<group>"; };
		9A308F861C1DD2A20029B85E /* Info.plist */ = {isa = PBXFileReference; lastKnownFileType = text.plist.xml; path = Info.plist; sourceTree = "<group>"; };
		9A308F8B1C1DD2A30029B85E /* SettingsTestTests.xctest */ = {isa = PBXFileReference; explicitFileType = wrapper.cfbundle; includeInIndex = 0; path = SettingsTestTests.xctest; sourceTree = BUILT_PRODUCTS_DIR; };
		9A308F8F1C1DD2A30029B85E /* SettingsTestTests.m */ = {isa = PBXFileReference; lastKnownFileType = sourcecode.c.objc; path = SettingsTestTests.m; sourceTree = "<group>"; };
		9A308F911C1DD2A30029B85E /* Info.plist */ = {isa = PBXFileReference; lastKnownFileType = text.plist.xml; path = Info.plist; sourceTree = "<group>"; };
		9A308F961C1DD2A30029B85E /* SettingsTestUITests.xctest */ = {isa = PBXFileReference; explicitFileType = wrapper.cfbundle; includeInIndex = 0; path = SettingsTestUITests.xctest; sourceTree = BUILT_PRODUCTS_DIR; };
		9A308F9A1C1DD2A30029B85E /* SettingsTestUITests.m */ = {isa = PBXFileReference; lastKnownFileType = sourcecode.c.objc; path = SettingsTestUITests.m; sourceTree = "<group>"; };
		9A308F9C1C1DD2A30029B85E /* Info.plist */ = {isa = PBXFileReference; lastKnownFileType = text.plist.xml; path = Info.plist; sourceTree = "<group>"; };
		9A308FA81C1DD4F40029B85E /* SettingsViewController.h */ = {isa = PBXFileReference; fileEncoding = 4; lastKnownFileType = sourcecode.c.h; path = SettingsViewController.h; sourceTree = "<group>"; };
		9A308FA91C1DD4F40029B85E /* SettingsViewController.m */ = {isa = PBXFileReference; fileEncoding = 4; lastKnownFileType = sourcecode.c.objc; path = SettingsViewController.m; sourceTree = "<group>"; };
/* End PBXFileReference section */

/* Begin PBXFrameworksBuildPhase section */
		9A308F6F1C1DD2A20029B85E /* Frameworks */ = {
			isa = PBXFrameworksBuildPhase;
			buildActionMask = 2147483647;
			files = (
			);
			runOnlyForDeploymentPostprocessing = 0;
		};
		9A308F881C1DD2A20029B85E /* Frameworks */ = {
			isa = PBXFrameworksBuildPhase;
			buildActionMask = 2147483647;
			files = (
			);
			runOnlyForDeploymentPostprocessing = 0;
		};
		9A308F931C1DD2A30029B85E /* Frameworks */ = {
			isa = PBXFrameworksBuildPhase;
			buildActionMask = 2147483647;
			files = (
			);
			runOnlyForDeploymentPostprocessing = 0;
		};
/* End PBXFrameworksBuildPhase section */

/* Begin PBXGroup section */
		9A308F691C1DD2A20029B85E = {
			isa = PBXGroup;
			children = (
				9A308F741C1DD2A20029B85E /* SettingsTest */,
				9A308F8E1C1DD2A30029B85E /* SettingsTestTests */,
				9A308F991C1DD2A30029B85E /* SettingsTestUITests */,
				9A308F731C1DD2A20029B85E /* Products */,
			);
			sourceTree = "<group>";
		};
		9A308F731C1DD2A20029B85E /* Products */ = {
			isa = PBXGroup;
			children = (
				9A308F721C1DD2A20029B85E /* SettingsTest.app */,
				9A308F8B1C1DD2A30029B85E /* SettingsTestTests.xctest */,
				9A308F961C1DD2A30029B85E /* SettingsTestUITests.xctest */,
			);
			name = Products;
			sourceTree = "<group>";
		};
		9A308F741C1DD2A20029B85E /* SettingsTest */ = {
			isa = PBXGroup;
			children = (
				9A308F781C1DD2A20029B85E /* AppDelegate.h */,
				9A308F791C1DD2A20029B85E /* AppDelegate.m */,
				9A308FA81C1DD4F40029B85E /* SettingsViewController.h */,
				9A308FA91C1DD4F40029B85E /* SettingsViewController.m */,
				9A308F7E1C1DD2A20029B85E /* Main.storyboard */,
				9A308F811C1DD2A20029B85E /* Assets.xcassets */,
				9A308F831C1DD2A20029B85E /* LaunchScreen.storyboard */,
				9A308F861C1DD2A20029B85E /* Info.plist */,
				9A308F751C1DD2A20029B85E /* Supporting Files */,
			);
			path = SettingsTest;
			sourceTree = "<group>";
		};
		9A308F751C1DD2A20029B85E /* Supporting Files */ = {
			isa = PBXGroup;
			children = (
				9A308F761C1DD2A20029B85E /* main.m */,
			);
			name = "Supporting Files";
			sourceTree = "<group>";
		};
		9A308F8E1C1DD2A30029B85E /* SettingsTestTests */ = {
			isa = PBXGroup;
			children = (
				9A308F8F1C1DD2A30029B85E /* SettingsTestTests.m */,
				9A308F911C1DD2A30029B85E /* Info.plist */,
			);
			path = SettingsTestTests;
			sourceTree = "<group>";
		};
		9A308F991C1DD2A30029B85E /* SettingsTestUITests */ = {
			isa = PBXGroup;
			children = (
				9A308F9A1C1DD2A30029B85E /* SettingsTestUITests.m */,
				9A308F9C1C1DD2A30029B85E /* Info.plist */,
			);
			path = SettingsTestUITests;
			sourceTree = "<group>";
		};
/* End PBXGroup section */

/* Begin PBXNativeTarget section */
		9A308F711C1DD2A20029B85E /* SettingsTest */ = {
			isa = PBXNativeTarget;
			buildConfigurationList = 9A308F9F1C1DD2A30029B85E /* Build configuration list for PBXNativeTarget "SettingsTest" */;
			buildPhases = (
				9A308F6E1C1DD2A20029B85E /* Sources */,
				9A308F6F1C1DD2A20029B85E /* Frameworks */,
				9A308F701C1DD2A20029B85E /* Resources */,
			);
			buildRules = (
			);
			dependencies = (
			);
			name = SettingsTest;
			productName = SettingsTest;
			productReference = 9A308F721C1DD2A20029B85E /* SettingsTest.app */;
			productType = "com.apple.product-type.application";
		};
		9A308F8A1C1DD2A20029B85E /* SettingsTestTests */ = {
			isa = PBXNativeTarget;
			buildConfigurationList = 9A308FA21C1DD2A30029B85E /* Build configuration list for PBXNativeTarget "SettingsTestTests" */;
			buildPhases = (
				9A308F871C1DD2A20029B85E /* Sources */,
				9A308F881C1DD2A20029B85E /* Frameworks */,
				9A308F891C1DD2A20029B85E /* Resources */,
			);
			buildRules = (
			);
			dependencies = (
				9A308F8D1C1DD2A30029B85E /* PBXTargetDependency */,
			);
			name = SettingsTestTests;
			productName = SettingsTestTests;
			productReference = 9A308F8B1C1DD2A30029B85E /* SettingsTestTests.xctest */;
			productType = "com.apple.product-type.bundle.unit-test";
		};
		9A308F951C1DD2A30029B85E /* SettingsTestUITests */ = {
			isa = PBXNativeTarget;
			buildConfigurationList = 9A308FA51C1DD2A30029B85E /* Build configuration list for PBXNativeTarget "SettingsTestUITests" */;
			buildPhases = (
				9A308F921C1DD2A30029B85E /* Sources */,
				9A308F931C1DD2A30029B85E /* Frameworks */,
				9A308F941C1DD2A30029B85E /* Resources */,
			);
			buildRules = (
			);
			dependencies = (
				9A308F981C1DD2A30029B85E /* PBXTargetDependency */,
			);
			name = SettingsTestUITests;
			productName = SettingsTestUITests;
			productReference = 9A308F961C1DD2A30029B85E /* SettingsTestUITests.xctest */;
			productType = "com.apple.product-type.bundle.ui-testing";
		};
/* End PBXNativeTarget section */

/* Begin PBXProject section */
		9A308F6A1C1DD2A20029B85E /* Project object */ = {
			isa = PBXProject;
			attributes = {
				LastUpgradeCheck = 0720;
				ORGANIZATIONNAME = "Nikolay Berlioz";
				TargetAttributes = {
					9A308F711C1DD2A20029B85E = {
						CreatedOnToolsVersion = 7.2;
					};
					9A308F8A1C1DD2A20029B85E = {
						CreatedOnToolsVersion = 7.2;
						TestTargetID = 9A308F711C1DD2A20029B85E;
					};
					9A308F951C1DD2A30029B85E = {
						CreatedOnToolsVersion = 7.2;
						TestTargetID = 9A308F711C1DD2A20029B85E;
					};
				};
			};
			buildConfigurationList = 9A308F6D1C1DD2A20029B85E /* Build configuration list for PBXProject "SettingsTest" */;
			compatibilityVersion = "Xcode 3.2";
			developmentRegion = English;
			hasScannedForEncodings = 0;
			knownRegions = (
				en,
				Base,
			);
			mainGroup = 9A308F691C1DD2A20029B85E;
			productRefGroup = 9A308F731C1DD2A20029B85E /* Products */;
			projectDirPath = "";
			projectRoot = "";
			targets = (
				9A308F711C1DD2A20029B85E /* SettingsTest */,
				9A308F8A1C1DD2A20029B85E /* SettingsTestTests */,
				9A308F951C1DD2A30029B85E /* SettingsTestUITests */,
			);
		};
/* End PBXProject section */

/* Begin PBXResourcesBuildPhase section */
		9A308F701C1DD2A20029B85E /* Resources */ = {
			isa = PBXResourcesBuildPhase;
			buildActionMask = 2147483647;
			files = (
				9A308F851C1DD2A20029B85E /* LaunchScreen.storyboard in Resources */,
				9A308F821C1DD2A20029B85E /* Assets.xcassets in Resources */,
				9A308F801C1DD2A20029B85E /* Main.storyboard in Resources */,
			);
			runOnlyForDeploymentPostprocessing = 0;
		};
		9A308F891C1DD2A20029B85E /* Resources */ = {
			isa = PBXResourcesBuildPhase;
			buildActionMask = 2147483647;
			files = (
			);
			runOnlyForDeploymentPostprocessing = 0;
		};
		9A308F941C1DD2A30029B85E /* Resources */ = {
			isa = PBXResourcesBuildPhase;
			buildActionMask = 2147483647;
			files = (
			);
			runOnlyForDeploymentPostprocessing = 0;
		};
/* End PBXResourcesBuildPhase section */

/* Begin PBXSourcesBuildPhase section */
		9A308F6E1C1DD2A20029B85E /* Sources */ = {
			isa = PBXSourcesBuildPhase;
			buildActionMask = 2147483647;
			files = (
				9A308FAA1C1DD4F40029B85E /* SettingsViewController.m in Sources */,
				9A308F7A1C1DD2A20029B85E /* AppDelegate.m in Sources */,
				9A308F771C1DD2A20029B85E /* main.m in Sources */,
			);
			runOnlyForDeploymentPostprocessing = 0;
		};
		9A308F871C1DD2A20029B85E /* Sources */ = {
			isa = PBXSourcesBuildPhase;
			buildActionMask = 2147483647;
			files = (
				9A308F901C1DD2A30029B85E /* SettingsTestTests.m in Sources */,
			);
			runOnlyForDeploymentPostprocessing = 0;
		};
		9A308F921C1DD2A30029B85E /* Sources */ = {
			isa = PBXSourcesBuildPhase;
			buildActionMask = 2147483647;
			files = (
				9A308F9B1C1DD2A30029B85E /* SettingsTestUITests.m in Sources */,
			);
			runOnlyForDeploymentPostprocessing = 0;
		};
/* End PBXSourcesBuildPhase section */

/* Begin PBXTargetDependency section */
		9A308F8D1C1DD2A30029B85E /* PBXTargetDependency */ = {
			isa = PBXTargetDependency;
			target = 9A308F711C1DD2A20029B85E /* SettingsTest */;
			targetProxy = 9A308F8C1C1DD2A30029B85E /* PBXContainerItemProxy */;
		};
		9A308F981C1DD2A30029B85E /* PBXTargetDependency */ = {
			isa = PBXTargetDependency;
			target = 9A308F711C1DD2A20029B85E /* SettingsTest */;
			targetProxy = 9A308F971C1DD2A30029B85E /* PBXContainerItemProxy */;
		};
/* End PBXTargetDependency section */

/* Begin PBXVariantGroup section */
		9A308F7E1C1DD2A20029B85E /* Main.storyboard */ = {
			isa = PBXVariantGroup;
			children = (
				9A308F7F1C1DD2A20029B85E /* Base */,
			);
			name = Main.storyboard;
			sourceTree = "<group>";
		};
		9A308F831C1DD2A20029B85E /* LaunchScreen.storyboard */ = {
			isa = PBXVariantGroup;
			children = (
				9A308F841C1DD2A20029B85E /* Base */,
			);
			name = LaunchScreen.storyboard;
			sourceTree = "<group>";
		};
/* End PBXVariantGroup section */

/* Begin XCBuildConfiguration section */
		9A308F9D1C1DD2A30029B85E /* Debug */ = {
			isa = XCBuildConfiguration;
			buildSettings = {
				ALWAYS_SEARCH_USER_PATHS = NO;
				CLANG_CXX_LANGUAGE_STANDARD = "gnu++0x";
				CLANG_CXX_LIBRARY = "libc++";
				CLANG_ENABLE_MODULES = YES;
				CLANG_ENABLE_OBJC_ARC = YES;
				CLANG_WARN_BOOL_CONVERSION = YES;
				CLANG_WARN_CONSTANT_CONVERSION = YES;
				CLANG_WARN_DIRECT_OBJC_ISA_USAGE = YES_ERROR;
				CLANG_WARN_EMPTY_BODY = YES;
				CLANG_WARN_ENUM_CONVERSION = YES;
				CLANG_WARN_INT_CONVERSION = YES;
				CLANG_WARN_OBJC_ROOT_CLASS = YES_ERROR;
				CLANG_WARN_UNREACHABLE_CODE = YES;
				CLANG_WARN__DUPLICATE_METHOD_MATCH = YES;
				"CODE_SIGN_IDENTITY[sdk=iphoneos*]" = "iPhone Developer";
				COPY_PHASE_STRIP = NO;
				DEBUG_INFORMATION_FORMAT = dwarf;
				ENABLE_STRICT_OBJC_MSGSEND = YES;
				ENABLE_TESTABILITY = YES;
				GCC_C_LANGUAGE_STANDARD = gnu99;
				GCC_DYNAMIC_NO_PIC = NO;
				GCC_NO_COMMON_BLOCKS = YES;
				GCC_OPTIMIZATION_LEVEL = 0;
				GCC_PREPROCESSOR_DEFINITIONS = (
					"DEBUG=1",
					"$(inherited)",
				);
				GCC_WARN_64_TO_32_BIT_CONVERSION = YES;
				GCC_WARN_ABOUT_RETURN_TYPE = YES_ERROR;
				GCC_WARN_UNDECLARED_SELECTOR = YES;
				GCC_WARN_UNINITIALIZED_AUTOS = YES_AGGRESSIVE;
				GCC_WARN_UNUSED_FUNCTION = YES;
				GCC_WARN_UNUSED_VARIABLE = YES;
				IPHONEOS_DEPLOYMENT_TARGET = 9.2;
				MTL_ENABLE_DEBUG_INFO = YES;
				ONLY_ACTIVE_ARCH = YES;
				SDKROOT = iphoneos;
			};
			name = Debug;
		};
		9A308F9E1C1DD2A30029B85E /* Release */ = {
			isa = XCBuildConfiguration;
			buildSettings = {
				ALWAYS_SEARCH_USER_PATHS = NO;
				CLANG_CXX_LANGUAGE_STANDARD = "gnu++0x";
				CLANG_CXX_LIBRARY = "libc++";
				CLANG_ENABLE_MODULES = YES;
				CLANG_ENABLE_OBJC_ARC = YES;
				CLANG_WARN_BOOL_CONVERSION = YES;
				CLANG_WARN_CONSTANT_CONVERSION = YES;
				CLANG_WARN_DIRECT_OBJC_ISA_USAGE = YES_ERROR;
				CLANG_WARN_EMPTY_BODY = YES;
				CLANG_WARN_ENUM_CONVERSION = YES;
				CLANG_WARN_INT_CONVERSION = YES;
				CLANG_WARN_OBJC_ROOT_CLASS = YES_ERROR;
				CLANG_WARN_UNREACHABLE_CODE = YES;
				CLANG_WARN__DUPLICATE_METHOD_MATCH = YES;
				"CODE_SIGN_IDENTITY[sdk=iphoneos*]" = "iPhone Developer";
				COPY_PHASE_STRIP = NO;
				DEBUG_INFORMATION_FORMAT = "dwarf-with-dsym";
				ENABLE_NS_ASSERTIONS = NO;
				ENABLE_STRICT_OBJC_MSGSEND = YES;
				GCC_C_LANGUAGE_STANDARD = gnu99;
				GCC_NO_COMMON_BLOCKS = YES;
				GCC_WARN_64_TO_32_BIT_CONVERSION = YES;
				GCC_WARN_ABOUT_RETURN_TYPE = YES_ERROR;
				GCC_WARN_UNDECLARED_SELECTOR = YES;
				GCC_WARN_UNINITIALIZED_AUTOS = YES_AGGRESSIVE;
				GCC_WARN_UNUSED_FUNCTION = YES;
				GCC_WARN_UNUSED_VARIABLE = YES;
				IPHONEOS_DEPLOYMENT_TARGET = 9.2;
				MTL_ENABLE_DEBUG_INFO = NO;
				SDKROOT = iphoneos;
				VALIDATE_PRODUCT = YES;
			};
			name = Release;
		};
		9A308FA01C1DD2A30029B85E /* Debug */ = {
			isa = XCBuildConfiguration;
			buildSettings = {
				ASSETCATALOG_COMPILER_APPICON_NAME = AppIcon;
				INFOPLIST_FILE = SettingsTest/Info.plist;
				LD_RUNPATH_SEARCH_PATHS = "$(inherited) @executable_path/Frameworks";
				PRODUCT_BUNDLE_IDENTIFIER = "Devil-Academy.SettingsTest";
				PRODUCT_NAME = "$(TARGET_NAME)";
			};
			name = Debug;
		};
		9A308FA11C1DD2A30029B85E /* Release */ = {
			isa = XCBuildConfiguration;
			buildSettings = {
				ASSETCATALOG_COMPILER_APPICON_NAME = AppIcon;
				INFOPLIST_FILE = SettingsTest/Info.plist;
				LD_RUNPATH_SEARCH_PATHS = "$(inherited) @executable_path/Frameworks";
				PRODUCT_BUNDLE_IDENTIFIER = "Devil-Academy.SettingsTest";
				PRODUCT_NAME = "$(TARGET_NAME)";
			};
			name = Release;
		};
		9A308FA31C1DD2A30029B85E /* Debug */ = {
			isa = XCBuildConfiguration;
			buildSettings = {
				BUNDLE_LOADER = "$(TEST_HOST)";
				INFOPLIST_FILE = SettingsTestTests/Info.plist;
				LD_RUNPATH_SEARCH_PATHS = "$(inherited) @executable_path/Frameworks @loader_path/Frameworks";
				PRODUCT_BUNDLE_IDENTIFIER = "Devil-Academy.SettingsTestTests";
				PRODUCT_NAME = "$(TARGET_NAME)";
				TEST_HOST = "$(BUILT_PRODUCTS_DIR)/SettingsTest.app/SettingsTest";
			};
			name = Debug;
		};
		9A308FA41C1DD2A30029B85E /* Release */ = {
			isa = XCBuildConfiguration;
			buildSettings = {
				BUNDLE_LOADER = "$(TEST_HOST)";
				INFOPLIST_FILE = SettingsTestTests/Info.plist;
				LD_RUNPATH_SEARCH_PATHS = "$(inherited) @executable_path/Frameworks @loader_path/Frameworks";
				PRODUCT_BUNDLE_IDENTIFIER = "Devil-Academy.SettingsTestTests";
				PRODUCT_NAME = "$(TARGET_NAME)";
				TEST_HOST = "$(BUILT_PRODUCTS_DIR)/SettingsTest.app/SettingsTest";
			};
			name = Release;
		};
		9A308FA61C1DD2A30029B85E /* Debug */ = {
			isa = XCBuildConfiguration;
			buildSettings = {
				INFOPLIST_FILE = SettingsTestUITests/Info.plist;
				LD_RUNPATH_SEARCH_PATHS = "$(inherited) @executable_path/Frameworks @loader_path/Frameworks";
				PRODUCT_BUNDLE_IDENTIFIER = "Devil-Academy.SettingsTestUITests";
				PRODUCT_NAME = "$(TARGET_NAME)";
				TEST_TARGET_NAME = SettingsTest;
				USES_XCTRUNNER = YES;
			};
			name = Debug;
		};
		9A308FA71C1DD2A30029B85E /* Release */ = {
			isa = XCBuildConfiguration;
			buildSettings = {
				INFOPLIST_FILE = SettingsTestUITests/Info.plist;
				LD_RUNPATH_SEARCH_PATHS = "$(inherited) @executable_path/Frameworks @loader_path/Frameworks";
				PRODUCT_BUNDLE_IDENTIFIER = "Devil-Academy.SettingsTestUITests";
				PRODUCT_NAME = "$(TARGET_NAME)";
				TEST_TARGET_NAME = SettingsTest;
				USES_XCTRUNNER = YES;
			};
			name = Release;
		};
/* End XCBuildConfiguration section */

/* Begin XCConfigurationList section */
		9A308F6D1C1DD2A20029B85E /* Build configuration list for PBXProject "SettingsTest" */ = {
			isa = XCConfigurationList;
			buildConfigurations = (
				9A308F9D1C1DD2A30029B85E /* Debug */,
				9A308F9E1C1DD2A30029B85E /* Release */,
			);
			defaultConfigurationIsVisible = 0;
			defaultConfigurationName = Release;
		};
		9A308F9F1C1DD2A30029B85E /* Build configuration list for PBXNativeTarget "SettingsTest" */ = {
			isa = XCConfigurationList;
			buildConfigurations = (
				9A308FA01C1DD2A30029B85E /* Debug */,
				9A308FA11C1DD2A30029B85E /* Release */,
			);
			defaultConfigurationIsVisible = 0;
		};
		9A308FA21C1DD2A30029B85E /* Build configuration list for PBXNativeTarget "SettingsTestTests" */ = {
			isa = XCConfigurationList;
			buildConfigurations = (
				9A308FA31C1DD2A30029B85E /* Debug */,
				9A308FA41C1DD2A30029B85E /* Release */,
			);
			defaultConfigurationIsVisible = 0;
		};
		9A308FA51C1DD2A30029B85E /* Build configuration list for PBXNativeTarget "SettingsTestUITests" */ = {
			isa = XCConfigurationList;
			buildConfigurations = (
				9A308FA61C1DD2A30029B85E /* Debug */,
				9A308FA71C1DD2A30029B85E /* Release */,
			);
			defaultConfigurationIsVisible = 0;
		};
/* End XCConfigurationList section */
	};
	rootObject = 9A308F6A1C1DD2A20029B85E /* Project object */;
}
